// !$*UTF8*$!
{
	archiveVersion = 1;
	classes = {
	};
	objectVersion = 55;
	objects = {

/* Begin PBXBuildFile section */
		2B76CFF628419C6D00859B7C /* AppDelegate.swift in Sources */ = {isa = PBXBuildFile; fileRef = 2B76CFF528419C6D00859B7C /* AppDelegate.swift */; };
		2B76CFF828419C6D00859B7C /* SceneDelegate.swift in Sources */ = {isa = PBXBuildFile; fileRef = 2B76CFF728419C6D00859B7C /* SceneDelegate.swift */; };
		2B76CFFA28419C6D00859B7C /* ViewController.swift in Sources */ = {isa = PBXBuildFile; fileRef = 2B76CFF928419C6D00859B7C /* ViewController.swift */; };
		2B76CFFD28419C6D00859B7C /* Main.storyboard in Resources */ = {isa = PBXBuildFile; fileRef = 2B76CFFB28419C6D00859B7C /* Main.storyboard */; };
		2B76D00028419C6D00859B7C /* theBigDipper.xcdatamodeld in Sources */ = {isa = PBXBuildFile; fileRef = 2B76CFFE28419C6D00859B7C /* theBigDipper.xcdatamodeld */; };
		2B76D00228419C6D00859B7C /* Assets.xcassets in Resources */ = {isa = PBXBuildFile; fileRef = 2B76D00128419C6D00859B7C /* Assets.xcassets */; };
		2B76D00528419C6D00859B7C /* LaunchScreen.storyboard in Resources */ = {isa = PBXBuildFile; fileRef = 2B76D00328419C6D00859B7C /* LaunchScreen.storyboard */; };
		2B76D01028419C6D00859B7C /* theBigDipperTests.swift in Sources */ = {isa = PBXBuildFile; fileRef = 2B76D00F28419C6D00859B7C /* theBigDipperTests.swift */; };
		2B76D01A28419C6D00859B7C /* theBigDipperUITests.swift in Sources */ = {isa = PBXBuildFile; fileRef = 2B76D01928419C6D00859B7C /* theBigDipperUITests.swift */; };
		2B76D01C28419C6D00859B7C /* theBigDipperUITestsLaunchTests.swift in Sources */ = {isa = PBXBuildFile; fileRef = 2B76D01B28419C6D00859B7C /* theBigDipperUITestsLaunchTests.swift */; };
		2B76D02B2841CAA200859B7C /* NetworkExtension.framework in Frameworks */ = {isa = PBXBuildFile; fileRef = 2B76D02A2841CAA200859B7C /* NetworkExtension.framework */; };
		2B76D0322841D23700859B7C /* NetworkExtension.framework in Frameworks */ = {isa = PBXBuildFile; fileRef = 2B76D02A2841CAA200859B7C /* NetworkExtension.framework */; };
		2B76D0352841D23700859B7C /* AppProxyProvider.swift in Sources */ = {isa = PBXBuildFile; fileRef = 2B76D0342841D23700859B7C /* AppProxyProvider.swift */; };
		2B76D03A2841D23700859B7C /* vpn.appex in Embed App Extensions */ = {isa = PBXBuildFile; fileRef = 2B76D0312841D23700859B7C /* vpn.appex */; settings = {ATTRIBUTES = (RemoveHeadersOnCopy, ); }; };
/* End PBXBuildFile section */

/* Begin PBXContainerItemProxy section */
		2B76D00C28419C6D00859B7C /* PBXContainerItemProxy */ = {
			isa = PBXContainerItemProxy;
			containerPortal = 2B76CFEA28419C6D00859B7C /* Project object */;
			proxyType = 1;
			remoteGlobalIDString = 2B76CFF128419C6D00859B7C;
			remoteInfo = theBigDipper;
		};
		2B76D01628419C6D00859B7C /* PBXContainerItemProxy */ = {
			isa = PBXContainerItemProxy;
			containerPortal = 2B76CFEA28419C6D00859B7C /* Project object */;
			proxyType = 1;
			remoteGlobalIDString = 2B76CFF128419C6D00859B7C;
			remoteInfo = theBigDipper;
		};
		2B76D0382841D23700859B7C /* PBXContainerItemProxy */ = {
			isa = PBXContainerItemProxy;
			containerPortal = 2B76CFEA28419C6D00859B7C /* Project object */;
			proxyType = 1;
			remoteGlobalIDString = 2B76D0302841D23700859B7C;
			remoteInfo = vpn;
		};
/* End PBXContainerItemProxy section */

/* Begin PBXCopyFilesBuildPhase section */
		2B76D03E2841D23700859B7C /* Embed App Extensions */ = {
			isa = PBXCopyFilesBuildPhase;
			buildActionMask = 2147483647;
			dstPath = "";
			dstSubfolderSpec = 13;
			files = (
				2B76D03A2841D23700859B7C /* vpn.appex in Embed App Extensions */,
			);
			name = "Embed App Extensions";
			runOnlyForDeploymentPostprocessing = 0;
		};
/* End PBXCopyFilesBuildPhase section */

/* Begin PBXFileReference section */
		2B76CFF228419C6D00859B7C /* theBigDipper.app */ = {isa = PBXFileReference; explicitFileType = wrapper.application; includeInIndex = 0; path = theBigDipper.app; sourceTree = BUILT_PRODUCTS_DIR; };
		2B76CFF528419C6D00859B7C /* AppDelegate.swift */ = {isa = PBXFileReference; lastKnownFileType = sourcecode.swift; path = AppDelegate.swift; sourceTree = "<group>"; };
		2B76CFF728419C6D00859B7C /* SceneDelegate.swift */ = {isa = PBXFileReference; lastKnownFileType = sourcecode.swift; path = SceneDelegate.swift; sourceTree = "<group>"; };
		2B76CFF928419C6D00859B7C /* ViewController.swift */ = {isa = PBXFileReference; lastKnownFileType = sourcecode.swift; path = ViewController.swift; sourceTree = "<group>"; };
		2B76CFFC28419C6D00859B7C /* Base */ = {isa = PBXFileReference; lastKnownFileType = file.storyboard; name = Base; path = Base.lproj/Main.storyboard; sourceTree = "<group>"; };
		2B76CFFF28419C6D00859B7C /* theBigDipper.xcdatamodel */ = {isa = PBXFileReference; lastKnownFileType = wrapper.xcdatamodel; path = theBigDipper.xcdatamodel; sourceTree = "<group>"; };
		2B76D00128419C6D00859B7C /* Assets.xcassets */ = {isa = PBXFileReference; lastKnownFileType = folder.assetcatalog; path = Assets.xcassets; sourceTree = "<group>"; };
		2B76D00428419C6D00859B7C /* Base */ = {isa = PBXFileReference; lastKnownFileType = file.storyboard; name = Base; path = Base.lproj/LaunchScreen.storyboard; sourceTree = "<group>"; };
		2B76D00628419C6D00859B7C /* Info.plist */ = {isa = PBXFileReference; lastKnownFileType = text.plist.xml; path = Info.plist; sourceTree = "<group>"; };
		2B76D00B28419C6D00859B7C /* theBigDipperTests.xctest */ = {isa = PBXFileReference; explicitFileType = wrapper.cfbundle; includeInIndex = 0; path = theBigDipperTests.xctest; sourceTree = BUILT_PRODUCTS_DIR; };
		2B76D00F28419C6D00859B7C /* theBigDipperTests.swift */ = {isa = PBXFileReference; lastKnownFileType = sourcecode.swift; path = theBigDipperTests.swift; sourceTree = "<group>"; };
		2B76D01528419C6D00859B7C /* theBigDipperUITests.xctest */ = {isa = PBXFileReference; explicitFileType = wrapper.cfbundle; includeInIndex = 0; path = theBigDipperUITests.xctest; sourceTree = BUILT_PRODUCTS_DIR; };
		2B76D01928419C6D00859B7C /* theBigDipperUITests.swift */ = {isa = PBXFileReference; lastKnownFileType = sourcecode.swift; path = theBigDipperUITests.swift; sourceTree = "<group>"; };
		2B76D01B28419C6D00859B7C /* theBigDipperUITestsLaunchTests.swift */ = {isa = PBXFileReference; lastKnownFileType = sourcecode.swift; path = theBigDipperUITestsLaunchTests.swift; sourceTree = "<group>"; };
		2B76D0282841CAA200859B7C /* theBigDipper.entitlements */ = {isa = PBXFileReference; lastKnownFileType = text.plist.entitlements; path = theBigDipper.entitlements; sourceTree = "<group>"; };
		2B76D02A2841CAA200859B7C /* NetworkExtension.framework */ = {isa = PBXFileReference; lastKnownFileType = wrapper.framework; name = NetworkExtension.framework; path = System/Library/Frameworks/NetworkExtension.framework; sourceTree = SDKROOT; };
		2B76D0312841D23700859B7C /* vpn.appex */ = {isa = PBXFileReference; explicitFileType = "wrapper.app-extension"; includeInIndex = 0; path = vpn.appex; sourceTree = BUILT_PRODUCTS_DIR; };
		2B76D0342841D23700859B7C /* AppProxyProvider.swift */ = {isa = PBXFileReference; lastKnownFileType = sourcecode.swift; path = AppProxyProvider.swift; sourceTree = "<group>"; };
		2B76D0362841D23700859B7C /* Info.plist */ = {isa = PBXFileReference; lastKnownFileType = text.plist.xml; path = Info.plist; sourceTree = "<group>"; };
		2B76D0372841D23700859B7C /* vpn.entitlements */ = {isa = PBXFileReference; lastKnownFileType = text.plist.entitlements; path = vpn.entitlements; sourceTree = "<group>"; };
/* End PBXFileReference section */

/* Begin PBXFrameworksBuildPhase section */
		2B76CFEF28419C6D00859B7C /* Frameworks */ = {
			isa = PBXFrameworksBuildPhase;
			buildActionMask = 2147483647;
			files = (
				2B76D02B2841CAA200859B7C /* NetworkExtension.framework in Frameworks */,
			);
			runOnlyForDeploymentPostprocessing = 0;
		};
		2B76D00828419C6D00859B7C /* Frameworks */ = {
			isa = PBXFrameworksBuildPhase;
			buildActionMask = 2147483647;
			files = (
			);
			runOnlyForDeploymentPostprocessing = 0;
		};
		2B76D01228419C6D00859B7C /* Frameworks */ = {
			isa = PBXFrameworksBuildPhase;
			buildActionMask = 2147483647;
			files = (
			);
			runOnlyForDeploymentPostprocessing = 0;
		};
		2B76D02E2841D23700859B7C /* Frameworks */ = {
			isa = PBXFrameworksBuildPhase;
			buildActionMask = 2147483647;
			files = (
				2B76D0322841D23700859B7C /* NetworkExtension.framework in Frameworks */,
			);
			runOnlyForDeploymentPostprocessing = 0;
		};
/* End PBXFrameworksBuildPhase section */

/* Begin PBXGroup section */
		2B76CFE928419C6D00859B7C = {
			isa = PBXGroup;
			children = (
				2B76CFF428419C6D00859B7C /* theBigDipper */,
				2B76D00E28419C6D00859B7C /* theBigDipperTests */,
				2B76D01828419C6D00859B7C /* theBigDipperUITests */,
				2B76D0332841D23700859B7C /* vpn */,
				2B76CFF328419C6D00859B7C /* Products */,
				2B76D0292841CAA200859B7C /* Frameworks */,
			);
			sourceTree = "<group>";
		};
		2B76CFF328419C6D00859B7C /* Products */ = {
			isa = PBXGroup;
			children = (
				2B76CFF228419C6D00859B7C /* theBigDipper.app */,
				2B76D00B28419C6D00859B7C /* theBigDipperTests.xctest */,
				2B76D01528419C6D00859B7C /* theBigDipperUITests.xctest */,
				2B76D0312841D23700859B7C /* vpn.appex */,
			);
			name = Products;
			sourceTree = "<group>";
		};
		2B76CFF428419C6D00859B7C /* theBigDipper */ = {
			isa = PBXGroup;
			children = (
				2B76D0282841CAA200859B7C /* theBigDipper.entitlements */,
				2B76CFF528419C6D00859B7C /* AppDelegate.swift */,
				2B76CFF728419C6D00859B7C /* SceneDelegate.swift */,
				2B76CFF928419C6D00859B7C /* ViewController.swift */,
				2B76CFFB28419C6D00859B7C /* Main.storyboard */,
				2B76D00128419C6D00859B7C /* Assets.xcassets */,
				2B76D00328419C6D00859B7C /* LaunchScreen.storyboard */,
				2B76D00628419C6D00859B7C /* Info.plist */,
				2B76CFFE28419C6D00859B7C /* theBigDipper.xcdatamodeld */,
			);
			path = theBigDipper;
			sourceTree = "<group>";
		};
		2B76D00E28419C6D00859B7C /* theBigDipperTests */ = {
			isa = PBXGroup;
			children = (
				2B76D00F28419C6D00859B7C /* theBigDipperTests.swift */,
			);
			path = theBigDipperTests;
			sourceTree = "<group>";
		};
		2B76D01828419C6D00859B7C /* theBigDipperUITests */ = {
			isa = PBXGroup;
			children = (
				2B76D01928419C6D00859B7C /* theBigDipperUITests.swift */,
				2B76D01B28419C6D00859B7C /* theBigDipperUITestsLaunchTests.swift */,
			);
			path = theBigDipperUITests;
			sourceTree = "<group>";
		};
		2B76D0292841CAA200859B7C /* Frameworks */ = {
			isa = PBXGroup;
			children = (
				2B76D02A2841CAA200859B7C /* NetworkExtension.framework */,
			);
			name = Frameworks;
			sourceTree = "<group>";
		};
		2B76D0332841D23700859B7C /* vpn */ = {
			isa = PBXGroup;
			children = (
				2B76D0342841D23700859B7C /* AppProxyProvider.swift */,
				2B76D0362841D23700859B7C /* Info.plist */,
				2B76D0372841D23700859B7C /* vpn.entitlements */,
			);
			path = vpn;
			sourceTree = "<group>";
		};
/* End PBXGroup section */

/* Begin PBXNativeTarget section */
		2B76CFF128419C6D00859B7C /* theBigDipper */ = {
			isa = PBXNativeTarget;
			buildConfigurationList = 2B76D01F28419C6D00859B7C /* Build configuration list for PBXNativeTarget "theBigDipper" */;
			buildPhases = (
				2B76CFEE28419C6D00859B7C /* Sources */,
				2B76CFEF28419C6D00859B7C /* Frameworks */,
				2B76CFF028419C6D00859B7C /* Resources */,
				2B76D03E2841D23700859B7C /* Embed App Extensions */,
			);
			buildRules = (
			);
			dependencies = (
				2B76D0392841D23700859B7C /* PBXTargetDependency */,
			);
			name = theBigDipper;
			productName = theBigDipper;
			productReference = 2B76CFF228419C6D00859B7C /* theBigDipper.app */;
			productType = "com.apple.product-type.application";
		};
		2B76D00A28419C6D00859B7C /* theBigDipperTests */ = {
			isa = PBXNativeTarget;
			buildConfigurationList = 2B76D02228419C6D00859B7C /* Build configuration list for PBXNativeTarget "theBigDipperTests" */;
			buildPhases = (
				2B76D00728419C6D00859B7C /* Sources */,
				2B76D00828419C6D00859B7C /* Frameworks */,
				2B76D00928419C6D00859B7C /* Resources */,
			);
			buildRules = (
			);
			dependencies = (
				2B76D00D28419C6D00859B7C /* PBXTargetDependency */,
			);
			name = theBigDipperTests;
			productName = theBigDipperTests;
			productReference = 2B76D00B28419C6D00859B7C /* theBigDipperTests.xctest */;
			productType = "com.apple.product-type.bundle.unit-test";
		};
		2B76D01428419C6D00859B7C /* theBigDipperUITests */ = {
			isa = PBXNativeTarget;
			buildConfigurationList = 2B76D02528419C6D00859B7C /* Build configuration list for PBXNativeTarget "theBigDipperUITests" */;
			buildPhases = (
				2B76D01128419C6D00859B7C /* Sources */,
				2B76D01228419C6D00859B7C /* Frameworks */,
				2B76D01328419C6D00859B7C /* Resources */,
			);
			buildRules = (
			);
			dependencies = (
				2B76D01728419C6D00859B7C /* PBXTargetDependency */,
			);
			name = theBigDipperUITests;
			productName = theBigDipperUITests;
			productReference = 2B76D01528419C6D00859B7C /* theBigDipperUITests.xctest */;
			productType = "com.apple.product-type.bundle.ui-testing";
		};
		2B76D0302841D23700859B7C /* vpn */ = {
			isa = PBXNativeTarget;
			buildConfigurationList = 2B76D03B2841D23700859B7C /* Build configuration list for PBXNativeTarget "vpn" */;
			buildPhases = (
				2B76D02D2841D23700859B7C /* Sources */,
				2B76D02E2841D23700859B7C /* Frameworks */,
				2B76D02F2841D23700859B7C /* Resources */,
			);
			buildRules = (
			);
			dependencies = (
			);
			name = vpn;
			productName = vpn;
			productReference = 2B76D0312841D23700859B7C /* vpn.appex */;
			productType = "com.apple.product-type.app-extension";
		};
/* End PBXNativeTarget section */

/* Begin PBXProject section */
		2B76CFEA28419C6D00859B7C /* Project object */ = {
			isa = PBXProject;
			attributes = {
				BuildIndependentTargetsInParallel = 1;
				LastSwiftUpdateCheck = 1340;
				LastUpgradeCheck = 1340;
				TargetAttributes = {
					2B76CFF128419C6D00859B7C = {
						CreatedOnToolsVersion = 13.4;
					};
					2B76D00A28419C6D00859B7C = {
						CreatedOnToolsVersion = 13.4;
						TestTargetID = 2B76CFF128419C6D00859B7C;
					};
					2B76D01428419C6D00859B7C = {
						CreatedOnToolsVersion = 13.4;
						TestTargetID = 2B76CFF128419C6D00859B7C;
					};
					2B76D0302841D23700859B7C = {
						CreatedOnToolsVersion = 13.4;
					};
				};
			};
			buildConfigurationList = 2B76CFED28419C6D00859B7C /* Build configuration list for PBXProject "theBigDipper" */;
			compatibilityVersion = "Xcode 13.0";
			developmentRegion = en;
			hasScannedForEncodings = 0;
			knownRegions = (
				en,
				Base,
			);
			mainGroup = 2B76CFE928419C6D00859B7C;
			productRefGroup = 2B76CFF328419C6D00859B7C /* Products */;
			projectDirPath = "";
			projectRoot = "";
			targets = (
				2B76CFF128419C6D00859B7C /* theBigDipper */,
				2B76D00A28419C6D00859B7C /* theBigDipperTests */,
				2B76D01428419C6D00859B7C /* theBigDipperUITests */,
				2B76D0302841D23700859B7C /* vpn */,
			);
		};
/* End PBXProject section */

/* Begin PBXResourcesBuildPhase section */
		2B76CFF028419C6D00859B7C /* Resources */ = {
			isa = PBXResourcesBuildPhase;
			buildActionMask = 2147483647;
			files = (
				2B76D00528419C6D00859B7C /* LaunchScreen.storyboard in Resources */,
				2B76D00228419C6D00859B7C /* Assets.xcassets in Resources */,
				2B76CFFD28419C6D00859B7C /* Main.storyboard in Resources */,
			);
			runOnlyForDeploymentPostprocessing = 0;
		};
		2B76D00928419C6D00859B7C /* Resources */ = {
			isa = PBXResourcesBuildPhase;
			buildActionMask = 2147483647;
			files = (
			);
			runOnlyForDeploymentPostprocessing = 0;
		};
		2B76D01328419C6D00859B7C /* Resources */ = {
			isa = PBXResourcesBuildPhase;
			buildActionMask = 2147483647;
			files = (
			);
			runOnlyForDeploymentPostprocessing = 0;
		};
		2B76D02F2841D23700859B7C /* Resources */ = {
			isa = PBXResourcesBuildPhase;
			buildActionMask = 2147483647;
			files = (
			);
			runOnlyForDeploymentPostprocessing = 0;
		};
/* End PBXResourcesBuildPhase section */

/* Begin PBXSourcesBuildPhase section */
		2B76CFEE28419C6D00859B7C /* Sources */ = {
			isa = PBXSourcesBuildPhase;
			buildActionMask = 2147483647;
			files = (
				2B76D00028419C6D00859B7C /* theBigDipper.xcdatamodeld in Sources */,
				2B76CFFA28419C6D00859B7C /* ViewController.swift in Sources */,
				2B76CFF628419C6D00859B7C /* AppDelegate.swift in Sources */,
				2B76CFF828419C6D00859B7C /* SceneDelegate.swift in Sources */,
			);
			runOnlyForDeploymentPostprocessing = 0;
		};
		2B76D00728419C6D00859B7C /* Sources */ = {
			isa = PBXSourcesBuildPhase;
			buildActionMask = 2147483647;
			files = (
				2B76D01028419C6D00859B7C /* theBigDipperTests.swift in Sources */,
			);
			runOnlyForDeploymentPostprocessing = 0;
		};
		2B76D01128419C6D00859B7C /* Sources */ = {
			isa = PBXSourcesBuildPhase;
			buildActionMask = 2147483647;
			files = (
				2B76D01A28419C6D00859B7C /* theBigDipperUITests.swift in Sources */,
				2B76D01C28419C6D00859B7C /* theBigDipperUITestsLaunchTests.swift in Sources */,
			);
			runOnlyForDeploymentPostprocessing = 0;
		};
		2B76D02D2841D23700859B7C /* Sources */ = {
			isa = PBXSourcesBuildPhase;
			buildActionMask = 2147483647;
			files = (
				2B76D0352841D23700859B7C /* AppProxyProvider.swift in Sources */,
			);
			runOnlyForDeploymentPostprocessing = 0;
		};
/* End PBXSourcesBuildPhase section */

/* Begin PBXTargetDependency section */
		2B76D00D28419C6D00859B7C /* PBXTargetDependency */ = {
			isa = PBXTargetDependency;
			target = 2B76CFF128419C6D00859B7C /* theBigDipper */;
			targetProxy = 2B76D00C28419C6D00859B7C /* PBXContainerItemProxy */;
		};
		2B76D01728419C6D00859B7C /* PBXTargetDependency */ = {
			isa = PBXTargetDependency;
			target = 2B76CFF128419C6D00859B7C /* theBigDipper */;
			targetProxy = 2B76D01628419C6D00859B7C /* PBXContainerItemProxy */;
		};
		2B76D0392841D23700859B7C /* PBXTargetDependency */ = {
			isa = PBXTargetDependency;
			target = 2B76D0302841D23700859B7C /* vpn */;
			targetProxy = 2B76D0382841D23700859B7C /* PBXContainerItemProxy */;
		};
/* End PBXTargetDependency section */

/* Begin PBXVariantGroup section */
		2B76CFFB28419C6D00859B7C /* Main.storyboard */ = {
			isa = PBXVariantGroup;
			children = (
				2B76CFFC28419C6D00859B7C /* Base */,
			);
			name = Main.storyboard;
			sourceTree = "<group>";
		};
		2B76D00328419C6D00859B7C /* LaunchScreen.storyboard */ = {
			isa = PBXVariantGroup;
			children = (
				2B76D00428419C6D00859B7C /* Base */,
			);
			name = LaunchScreen.storyboard;
			sourceTree = "<group>";
		};
/* End PBXVariantGroup section */

/* Begin XCBuildConfiguration section */
		2B76D01D28419C6D00859B7C /* Debug */ = {
			isa = XCBuildConfiguration;
			buildSettings = {
				ALWAYS_SEARCH_USER_PATHS = NO;
				CLANG_ANALYZER_NONNULL = YES;
				CLANG_ANALYZER_NUMBER_OBJECT_CONVERSION = YES_AGGRESSIVE;
				CLANG_CXX_LANGUAGE_STANDARD = "gnu++17";
				CLANG_ENABLE_MODULES = YES;
				CLANG_ENABLE_OBJC_ARC = YES;
				CLANG_ENABLE_OBJC_WEAK = YES;
				CLANG_WARN_BLOCK_CAPTURE_AUTORELEASING = YES;
				CLANG_WARN_BOOL_CONVERSION = YES;
				CLANG_WARN_COMMA = YES;
				CLANG_WARN_CONSTANT_CONVERSION = YES;
				CLANG_WARN_DEPRECATED_OBJC_IMPLEMENTATIONS = YES;
				CLANG_WARN_DIRECT_OBJC_ISA_USAGE = YES_ERROR;
				CLANG_WARN_DOCUMENTATION_COMMENTS = YES;
				CLANG_WARN_EMPTY_BODY = YES;
				CLANG_WARN_ENUM_CONVERSION = YES;
				CLANG_WARN_INFINITE_RECURSION = YES;
				CLANG_WARN_INT_CONVERSION = YES;
				CLANG_WARN_NON_LITERAL_NULL_CONVERSION = YES;
				CLANG_WARN_OBJC_IMPLICIT_RETAIN_SELF = YES;
				CLANG_WARN_OBJC_LITERAL_CONVERSION = YES;
				CLANG_WARN_OBJC_ROOT_CLASS = YES_ERROR;
				CLANG_WARN_QUOTED_INCLUDE_IN_FRAMEWORK_HEADER = YES;
				CLANG_WARN_RANGE_LOOP_ANALYSIS = YES;
				CLANG_WARN_STRICT_PROTOTYPES = YES;
				CLANG_WARN_SUSPICIOUS_MOVE = YES;
				CLANG_WARN_UNGUARDED_AVAILABILITY = YES_AGGRESSIVE;
				CLANG_WARN_UNREACHABLE_CODE = YES;
				CLANG_WARN__DUPLICATE_METHOD_MATCH = YES;
				COPY_PHASE_STRIP = NO;
				DEBUG_INFORMATION_FORMAT = dwarf;
				ENABLE_STRICT_OBJC_MSGSEND = YES;
				ENABLE_TESTABILITY = YES;
				GCC_C_LANGUAGE_STANDARD = gnu11;
				GCC_DYNAMIC_NO_PIC = NO;
				GCC_NO_COMMON_BLOCKS = YES;
				GCC_OPTIMIZATION_LEVEL = 0;
				GCC_PREPROCESSOR_DEFINITIONS = (
					"DEBUG=1",
					"$(inherited)",
				);
				GCC_WARN_64_TO_32_BIT_CONVERSION = YES;
				GCC_WARN_ABOUT_RETURN_TYPE = YES_ERROR;
				GCC_WARN_UNDECLARED_SELECTOR = YES;
				GCC_WARN_UNINITIALIZED_AUTOS = YES_AGGRESSIVE;
				GCC_WARN_UNUSED_FUNCTION = YES;
				GCC_WARN_UNUSED_VARIABLE = YES;
				IPHONEOS_DEPLOYMENT_TARGET = 15.5;
				MTL_ENABLE_DEBUG_INFO = INCLUDE_SOURCE;
				MTL_FAST_MATH = YES;
				ONLY_ACTIVE_ARCH = YES;
				SDKROOT = iphoneos;
				SWIFT_ACTIVE_COMPILATION_CONDITIONS = DEBUG;
				SWIFT_OPTIMIZATION_LEVEL = "-Onone";
			};
			name = Debug;
		};
		2B76D01E28419C6D00859B7C /* Release */ = {
			isa = XCBuildConfiguration;
			buildSettings = {
				ALWAYS_SEARCH_USER_PATHS = NO;
				CLANG_ANALYZER_NONNULL = YES;
				CLANG_ANALYZER_NUMBER_OBJECT_CONVERSION = YES_AGGRESSIVE;
				CLANG_CXX_LANGUAGE_STANDARD = "gnu++17";
				CLANG_ENABLE_MODULES = YES;
				CLANG_ENABLE_OBJC_ARC = YES;
				CLANG_ENABLE_OBJC_WEAK = YES;
				CLANG_WARN_BLOCK_CAPTURE_AUTORELEASING = YES;
				CLANG_WARN_BOOL_CONVERSION = YES;
				CLANG_WARN_COMMA = YES;
				CLANG_WARN_CONSTANT_CONVERSION = YES;
				CLANG_WARN_DEPRECATED_OBJC_IMPLEMENTATIONS = YES;
				CLANG_WARN_DIRECT_OBJC_ISA_USAGE = YES_ERROR;
				CLANG_WARN_DOCUMENTATION_COMMENTS = YES;
				CLANG_WARN_EMPTY_BODY = YES;
				CLANG_WARN_ENUM_CONVERSION = YES;
				CLANG_WARN_INFINITE_RECURSION = YES;
				CLANG_WARN_INT_CONVERSION = YES;
				CLANG_WARN_NON_LITERAL_NULL_CONVERSION = YES;
				CLANG_WARN_OBJC_IMPLICIT_RETAIN_SELF = YES;
				CLANG_WARN_OBJC_LITERAL_CONVERSION = YES;
				CLANG_WARN_OBJC_ROOT_CLASS = YES_ERROR;
				CLANG_WARN_QUOTED_INCLUDE_IN_FRAMEWORK_HEADER = YES;
				CLANG_WARN_RANGE_LOOP_ANALYSIS = YES;
				CLANG_WARN_STRICT_PROTOTYPES = YES;
				CLANG_WARN_SUSPICIOUS_MOVE = YES;
				CLANG_WARN_UNGUARDED_AVAILABILITY = YES_AGGRESSIVE;
				CLANG_WARN_UNREACHABLE_CODE = YES;
				CLANG_WARN__DUPLICATE_METHOD_MATCH = YES;
				COPY_PHASE_STRIP = NO;
				DEBUG_INFORMATION_FORMAT = "dwarf-with-dsym";
				ENABLE_NS_ASSERTIONS = NO;
				ENABLE_STRICT_OBJC_MSGSEND = YES;
				GCC_C_LANGUAGE_STANDARD = gnu11;
				GCC_NO_COMMON_BLOCKS = YES;
				GCC_WARN_64_TO_32_BIT_CONVERSION = YES;
				GCC_WARN_ABOUT_RETURN_TYPE = YES_ERROR;
				GCC_WARN_UNDECLARED_SELECTOR = YES;
				GCC_WARN_UNINITIALIZED_AUTOS = YES_AGGRESSIVE;
				GCC_WARN_UNUSED_FUNCTION = YES;
				GCC_WARN_UNUSED_VARIABLE = YES;
				IPHONEOS_DEPLOYMENT_TARGET = 15.5;
				MTL_ENABLE_DEBUG_INFO = NO;
				MTL_FAST_MATH = YES;
				SDKROOT = iphoneos;
				SWIFT_COMPILATION_MODE = wholemodule;
				SWIFT_OPTIMIZATION_LEVEL = "-O";
				VALIDATE_PRODUCT = YES;
			};
			name = Release;
		};
		2B76D02028419C6D00859B7C /* Debug */ = {
			isa = XCBuildConfiguration;
			buildSettings = {
				ALWAYS_EMBED_SWIFT_STANDARD_LIBRARIES = YES;
				ASSETCATALOG_COMPILER_APPICON_NAME = AppIcon;
				ASSETCATALOG_COMPILER_GLOBAL_ACCENT_COLOR_NAME = AccentColor;
				CODE_SIGN_ENTITLEMENTS = theBigDipper/theBigDipper.entitlements;
				CODE_SIGN_IDENTITY = "iPhone Developer";
				CODE_SIGN_STYLE = Manual;
				CURRENT_PROJECT_VERSION = 1;
				DEVELOPMENT_TEAM = 6A53CAFMZ9;
				GENERATE_INFOPLIST_FILE = YES;
				INFOPLIST_FILE = theBigDipper/Info.plist;
				INFOPLIST_KEY_CFBundleDisplayName = "北极星";
				INFOPLIST_KEY_UIApplicationSupportsIndirectInputEvents = YES;
				INFOPLIST_KEY_UILaunchStoryboardName = LaunchScreen;
				INFOPLIST_KEY_UIMainStoryboardFile = Main;
				INFOPLIST_KEY_UISupportedInterfaceOrientations_iPad = "UIInterfaceOrientationPortrait UIInterfaceOrientationPortraitUpsideDown UIInterfaceOrientationLandscapeLeft UIInterfaceOrientationLandscapeRight";
				INFOPLIST_KEY_UISupportedInterfaceOrientations_iPhone = "UIInterfaceOrientationPortrait UIInterfaceOrientationLandscapeLeft UIInterfaceOrientationLandscapeRight";
				IPHONEOS_DEPLOYMENT_TARGET = 14.0;
				LD_RUNPATH_SEARCH_PATHS = (
					"$(inherited)",
					"@executable_path/Frameworks",
				);
				MARKETING_VERSION = 1.0;
				PRODUCT_BUNDLE_IDENTIFIER = com.star.theBigDipper;
				PRODUCT_NAME = "$(TARGET_NAME)";
				PROVISIONING_PROFILE_SPECIFIER = tbd_dev;
				SWIFT_EMIT_LOC_STRINGS = YES;
				SWIFT_VERSION = 5.0;
				TARGETED_DEVICE_FAMILY = "1,2";
			};
			name = Debug;
		};
		2B76D02128419C6D00859B7C /* Release */ = {
			isa = XCBuildConfiguration;
			buildSettings = {
				ALWAYS_EMBED_SWIFT_STANDARD_LIBRARIES = YES;
				ASSETCATALOG_COMPILER_APPICON_NAME = AppIcon;
				ASSETCATALOG_COMPILER_GLOBAL_ACCENT_COLOR_NAME = AccentColor;
				CODE_SIGN_ENTITLEMENTS = theBigDipper/theBigDipperRelease.entitlements;
				CODE_SIGN_IDENTITY = "iPhone Distribution";
				CODE_SIGN_STYLE = Manual;
				CURRENT_PROJECT_VERSION = 1;
				DEVELOPMENT_TEAM = 6A53CAFMZ9;
				GENERATE_INFOPLIST_FILE = YES;
				INFOPLIST_FILE = theBigDipper/Info.plist;
				INFOPLIST_KEY_CFBundleDisplayName = "北极星";
				INFOPLIST_KEY_UIApplicationSupportsIndirectInputEvents = YES;
				INFOPLIST_KEY_UILaunchStoryboardName = LaunchScreen;
				INFOPLIST_KEY_UIMainStoryboardFile = Main;
				INFOPLIST_KEY_UISupportedInterfaceOrientations_iPad = "UIInterfaceOrientationPortrait UIInterfaceOrientationPortraitUpsideDown UIInterfaceOrientationLandscapeLeft UIInterfaceOrientationLandscapeRight";
				INFOPLIST_KEY_UISupportedInterfaceOrientations_iPhone = "UIInterfaceOrientationPortrait UIInterfaceOrientationLandscapeLeft UIInterfaceOrientationLandscapeRight";
				IPHONEOS_DEPLOYMENT_TARGET = 14.0;
				LD_RUNPATH_SEARCH_PATHS = (
					"$(inherited)",
					"@executable_path/Frameworks",
				);
				MARKETING_VERSION = 1.0;
				PRODUCT_BUNDLE_IDENTIFIER = com.star.theBigDipper;
				PRODUCT_NAME = "$(TARGET_NAME)";
				PROVISIONING_PROFILE_SPECIFIER = tdb_realse_dec_24;
				SWIFT_EMIT_LOC_STRINGS = YES;
				SWIFT_VERSION = 5.0;
				TARGETED_DEVICE_FAMILY = "1,2";
			};
			name = Release;
		};
		2B76D02328419C6D00859B7C /* Debug */ = {
			isa = XCBuildConfiguration;
			buildSettings = {
				ALWAYS_EMBED_SWIFT_STANDARD_LIBRARIES = YES;
				BUNDLE_LOADER = "$(TEST_HOST)";
				CODE_SIGN_STYLE = Automatic;
				CURRENT_PROJECT_VERSION = 1;
				DEVELOPMENT_TEAM = PN745U4R94;
				GENERATE_INFOPLIST_FILE = YES;
				IPHONEOS_DEPLOYMENT_TARGET = 15.5;
				MARKETING_VERSION = 1.0;
				PRODUCT_BUNDLE_IDENTIFIER = com.lightStarShip.theBigDipperTests;
				PRODUCT_NAME = "$(TARGET_NAME)";
				SWIFT_EMIT_LOC_STRINGS = NO;
				SWIFT_VERSION = 5.0;
				TARGETED_DEVICE_FAMILY = "1,2";
				TEST_HOST = "$(BUILT_PRODUCTS_DIR)/theBigDipper.app/theBigDipper";
			};
			name = Debug;
		};
		2B76D02428419C6D00859B7C /* Release */ = {
			isa = XCBuildConfiguration;
			buildSettings = {
				ALWAYS_EMBED_SWIFT_STANDARD_LIBRARIES = YES;
				BUNDLE_LOADER = "$(TEST_HOST)";
				CODE_SIGN_STYLE = Automatic;
				CURRENT_PROJECT_VERSION = 1;
				DEVELOPMENT_TEAM = PN745U4R94;
				GENERATE_INFOPLIST_FILE = YES;
				IPHONEOS_DEPLOYMENT_TARGET = 15.5;
				MARKETING_VERSION = 1.0;
				PRODUCT_BUNDLE_IDENTIFIER = com.lightStarShip.theBigDipperTests;
				PRODUCT_NAME = "$(TARGET_NAME)";
				SWIFT_EMIT_LOC_STRINGS = NO;
				SWIFT_VERSION = 5.0;
				TARGETED_DEVICE_FAMILY = "1,2";
				TEST_HOST = "$(BUILT_PRODUCTS_DIR)/theBigDipper.app/theBigDipper";
			};
			name = Release;
		};
		2B76D02628419C6D00859B7C /* Debug */ = {
			isa = XCBuildConfiguration;
			buildSettings = {
				ALWAYS_EMBED_SWIFT_STANDARD_LIBRARIES = YES;
				CODE_SIGN_STYLE = Automatic;
				CURRENT_PROJECT_VERSION = 1;
				DEVELOPMENT_TEAM = PN745U4R94;
				GENERATE_INFOPLIST_FILE = YES;
				MARKETING_VERSION = 1.0;
				PRODUCT_BUNDLE_IDENTIFIER = com.lightStarShip.theBigDipperUITests;
				PRODUCT_NAME = "$(TARGET_NAME)";
				SWIFT_EMIT_LOC_STRINGS = NO;
				SWIFT_VERSION = 5.0;
				TARGETED_DEVICE_FAMILY = "1,2";
				TEST_TARGET_NAME = theBigDipper;
			};
			name = Debug;
		};
		2B76D02728419C6D00859B7C /* Release */ = {
			isa = XCBuildConfiguration;
			buildSettings = {
				ALWAYS_EMBED_SWIFT_STANDARD_LIBRARIES = YES;
				CODE_SIGN_STYLE = Automatic;
				CURRENT_PROJECT_VERSION = 1;
				DEVELOPMENT_TEAM = PN745U4R94;
				GENERATE_INFOPLIST_FILE = YES;
				MARKETING_VERSION = 1.0;
				PRODUCT_BUNDLE_IDENTIFIER = com.lightStarShip.theBigDipperUITests;
				PRODUCT_NAME = "$(TARGET_NAME)";
				SWIFT_EMIT_LOC_STRINGS = NO;
				SWIFT_VERSION = 5.0;
				TARGETED_DEVICE_FAMILY = "1,2";
				TEST_TARGET_NAME = theBigDipper;
			};
			name = Release;
		};
		2B76D03C2841D23700859B7C /* Debug */ = {
			isa = XCBuildConfiguration;
			buildSettings = {
				CODE_SIGN_ENTITLEMENTS = vpn/vpn.entitlements;
				CODE_SIGN_IDENTITY = "iPhone Developer";
				CODE_SIGN_STYLE = Manual;
				CURRENT_PROJECT_VERSION = 1;
				DEVELOPMENT_TEAM = 6A53CAFMZ9;
				GENERATE_INFOPLIST_FILE = YES;
				INFOPLIST_FILE = vpn/Info.plist;
				INFOPLIST_KEY_CFBundleDisplayName = vpn;
				INFOPLIST_KEY_NSHumanReadableCopyright = "";
				IPHONEOS_DEPLOYMENT_TARGET = 14.0;
				LD_RUNPATH_SEARCH_PATHS = (
					"$(inherited)",
					"@executable_path/Frameworks",
					"@executable_path/../../Frameworks",
				);
				MARKETING_VERSION = 1.0;
				PRODUCT_BUNDLE_IDENTIFIER = com.star.theBigDipper.vpn;
				PRODUCT_NAME = "$(TARGET_NAME)";
				PROVISIONING_PROFILE_SPECIFIER = tdb_dev_extension;
				SKIP_INSTALL = YES;
				SWIFT_EMIT_LOC_STRINGS = YES;
				SWIFT_VERSION = 5.0;
				TARGETED_DEVICE_FAMILY = "1,2";
			};
			name = Debug;
		};
		2B76D03D2841D23700859B7C /* Release */ = {
			isa = XCBuildConfiguration;
			buildSettings = {
				CODE_SIGN_ENTITLEMENTS = vpn/vpn.entitlements;
				CODE_SIGN_IDENTITY = "iPhone Distribution";
				CODE_SIGN_STYLE = Manual;
				CURRENT_PROJECT_VERSION = 1;
				DEVELOPMENT_TEAM = 6A53CAFMZ9;
				GENERATE_INFOPLIST_FILE = YES;
				INFOPLIST_FILE = vpn/Info.plist;
				INFOPLIST_KEY_CFBundleDisplayName = vpn;
				INFOPLIST_KEY_NSHumanReadableCopyright = "";
				IPHONEOS_DEPLOYMENT_TARGET = 14.0;
				LD_RUNPATH_SEARCH_PATHS = (
					"$(inherited)",
					"@executable_path/Frameworks",
					"@executable_path/../../Frameworks",
				);
				MARKETING_VERSION = 1.0;
				PRODUCT_BUNDLE_IDENTIFIER = com.star.theBigDipper.vpn;
				PRODUCT_NAME = "$(TARGET_NAME)";
				PROVISIONING_PROFILE_SPECIFIER = tdb_realse_dec_24_extension;
				SKIP_INSTALL = YES;
				SWIFT_EMIT_LOC_STRINGS = YES;
				SWIFT_VERSION = 5.0;
				TARGETED_DEVICE_FAMILY = "1,2";
			};
			name = Release;
		};
/* End XCBuildConfiguration section */

/* Begin XCConfigurationList section */
		2B76CFED28419C6D00859B7C /* Build configuration list for PBXProject "theBigDipper" */ = {
			isa = XCConfigurationList;
			buildConfigurations = (
				2B76D01D28419C6D00859B7C /* Debug */,
				2B76D01E28419C6D00859B7C /* Release */,
			);
			defaultConfigurationIsVisible = 0;
			defaultConfigurationName = Release;
		};
		2B76D01F28419C6D00859B7C /* Build configuration list for PBXNativeTarget "theBigDipper" */ = {
			isa = XCConfigurationList;
			buildConfigurations = (
				2B76D02028419C6D00859B7C /* Debug */,
				2B76D02128419C6D00859B7C /* Release */,
			);
			defaultConfigurationIsVisible = 0;
			defaultConfigurationName = Release;
		};
		2B76D02228419C6D00859B7C /* Build configuration list for PBXNativeTarget "theBigDipperTests" */ = {
			isa = XCConfigurationList;
			buildConfigurations = (
				2B76D02328419C6D00859B7C /* Debug */,
				2B76D02428419C6D00859B7C /* Release */,
			);
			defaultConfigurationIsVisible = 0;
			defaultConfigurationName = Release;
		};
		2B76D02528419C6D00859B7C /* Build configuration list for PBXNativeTarget "theBigDipperUITests" */ = {
			isa = XCConfigurationList;
			buildConfigurations = (
				2B76D02628419C6D00859B7C /* Debug */,
				2B76D02728419C6D00859B7C /* Release */,
			);
			defaultConfigurationIsVisible = 0;
			defaultConfigurationName = Release;
		};
		2B76D03B2841D23700859B7C /* Build configuration list for PBXNativeTarget "vpn" */ = {
			isa = XCConfigurationList;
			buildConfigurations = (
				2B76D03C2841D23700859B7C /* Debug */,
				2B76D03D2841D23700859B7C /* Release */,
			);
			defaultConfigurationIsVisible = 0;
			defaultConfigurationName = Release;
		};
/* End XCConfigurationList section */

/* Begin XCVersionGroup section */
		2B76CFFE28419C6D00859B7C /* theBigDipper.xcdatamodeld */ = {
			isa = XCVersionGroup;
			children = (
				2B76CFFF28419C6D00859B7C /* theBigDipper.xcdatamodel */,
			);
			currentVersion = 2B76CFFF28419C6D00859B7C /* theBigDipper.xcdatamodel */;
			path = theBigDipper.xcdatamodeld;
			sourceTree = "<group>";
			versionGroupType = wrapper.xcdatamodel;
		};
/* End XCVersionGroup section */
	};
	rootObject = 2B76CFEA28419C6D00859B7C /* Project object */;
}
